// !$*UTF8*$!
{
	archiveVersion = 1;
	classes = {
	};
	objectVersion = 77;
	objects = {

/* Begin PBXBuildFile section */
		06D56BF0E3A3A5E953F4ECA1 /* LocalLLMEngine.swift in Sources */ = {isa = PBXBuildFile; fileRef = 694BE4022E1922C805D6ACAE /* LocalLLMEngine.swift */; };
		0B318BC00713E2DB39885947 /* ChangeDetector.swift in Sources */ = {isa = PBXBuildFile; fileRef = 4353CDE5046EDB1E839FB478 /* ChangeDetector.swift */; };
		0F1A50F50422AF0EB59BD71D /* LlamaWrapper.mm in Sources */ = {isa = PBXBuildFile; fileRef = 505E7857C4243D59F5CD4F8C /* LlamaWrapper.mm */; };
		10C332AB509BBBA1EDE18EC1 /* HotKey in Frameworks */ = {isa = PBXBuildFile; productRef = 31A9C27C166175D8DC38DC54 /* HotKey */; };
		161CC56A74C4E14709D05D3B /* ContextCompressor.swift in Sources */ = {isa = PBXBuildFile; fileRef = F3A814A12A348841DC0A4C0A /* ContextCompressor.swift */; };
		168FE21DD06D18CDE23848E9 /* LatencyTracker.swift in Sources */ = {isa = PBXBuildFile; fileRef = AE292507B1F12361044F440A /* LatencyTracker.swift */; };
		1BC40ED5B5D19DC0C3E9B305 /* WhisperEngine.swift in Sources */ = {isa = PBXBuildFile; fileRef = 82DB3601F2F8CE9F9A3D66E0 /* WhisperEngine.swift */; };
		22F9DE3B6DE647AEC2240285 /* AppearanceSettingsView.swift in Sources */ = {isa = PBXBuildFile; fileRef = 301D7581A603D1FE207843CC /* AppearanceSettingsView.swift */; };
		274F01D7F3C52173C38B49B2 /* VisionEngine.swift in Sources */ = {isa = PBXBuildFile; fileRef = FB611AFDFE2FADDB83D5D41E /* VisionEngine.swift */; };
		2B218169DC7025E31896F3D6 /* SpeechToTextEngine.swift in Sources */ = {isa = PBXBuildFile; fileRef = 691881EE3549E8349F985135 /* SpeechToTextEngine.swift */; };
		2E5046F4DD679268B63E64BF /* ResponseGenerator.swift in Sources */ = {isa = PBXBuildFile; fileRef = 0CB536CCD0971E107098B7A0 /* ResponseGenerator.swift */; };
		33C608F2C22417C4E4E460F6 /* SessionState.swift in Sources */ = {isa = PBXBuildFile; fileRef = 7B2870AC5695BA988EC0A1E6 /* SessionState.swift */; };
		3803F645E3A8A535D0448C1D /* SessionCoordinator.swift in Sources */ = {isa = PBXBuildFile; fileRef = F0FA32DAE2F2144D0BD43728 /* SessionCoordinator.swift */; };
		3FAA3CD1F2ADCEE816EA45E4 /* MemoryMonitor.swift in Sources */ = {isa = PBXBuildFile; fileRef = D60408A2B4BB07BE9805A570 /* MemoryMonitor.swift */; };
		40DA389429F3F588A9532EAB /* TranscriptView.swift in Sources */ = {isa = PBXBuildFile; fileRef = 012A7B6D533A3AA5B65F5E47 /* TranscriptView.swift */; };
		41054AA813DB24ECD4EE3011 /* PromptBuilder.swift in Sources */ = {isa = PBXBuildFile; fileRef = 140C3225CFE23283A96C3C5A /* PromptBuilder.swift */; };
		4785940E5FB079230CF26226 /* AudioRingBuffer.swift in Sources */ = {isa = PBXBuildFile; fileRef = C32FEE7CF500FE64B26B2413 /* AudioRingBuffer.swift */; };
		4EB08142D1282F3DA4D43C5A /* AISettingsView.swift in Sources */ = {isa = PBXBuildFile; fileRef = 6A91A3593C68C4A2EFD73943 /* AISettingsView.swift */; };
		50A161028C3A266A79E79B3E /* MainWindowView.swift in Sources */ = {isa = PBXBuildFile; fileRef = 336A761DD212E625ADEF707C /* MainWindowView.swift */; };
		57F4219CD3CB9631509FAE33 /* MicrophonePermission.swift in Sources */ = {isa = PBXBuildFile; fileRef = 14FE9D9026A40D02D19DD5B4 /* MicrophonePermission.swift */; };
		5AA3E63DDFE3DF9F0372B293 /* PermissionOnboardingView.swift in Sources */ = {isa = PBXBuildFile; fileRef = 529AC9050E457DFB35F012F1 /* PermissionOnboardingView.swift */; };
		5B4F9A5D064027EDF0D45820 /* VisionTriggerPolicy.swift in Sources */ = {isa = PBXBuildFile; fileRef = 796AB71C6E140B5FE92C2980 /* VisionTriggerPolicy.swift */; };
		5F491EAC2558342C77B374FB /* AudioSettingsView.swift in Sources */ = {isa = PBXBuildFile; fileRef = 15FF6ABA900DA4B7A7E4A941 /* AudioSettingsView.swift */; };
		613A440E41923BD59F57175F /* FrameSampler.swift in Sources */ = {isa = PBXBuildFile; fileRef = DD8FDEA23A70B8F73792ED05 /* FrameSampler.swift */; };
		62497DE9A2FF8D396D515BAA /* WhisperWrapper.mm in Sources */ = {isa = PBXBuildFile; fileRef = 1018F39E978AF931EAACE0E4 /* WhisperWrapper.mm */; };
		63E09B8E4F6C8A54A188C3CE /* ConversationTurn.swift in Sources */ = {isa = PBXBuildFile; fileRef = A028454F645A7FC2EED8E569 /* ConversationTurn.swift */; };
		659BB143BBB4D3201D8B48A9 /* OverlayPanel.swift in Sources */ = {isa = PBXBuildFile; fileRef = 5A9FB51D80E304136CAC7AEE /* OverlayPanel.swift */; };
		6653545A0FE24239FCB69880 /* AudioLevelView.swift in Sources */ = {isa = PBXBuildFile; fileRef = 8B8379B660FE94765D3523F7 /* AudioLevelView.swift */; };
		68AE6E75E28CE94C2AAB9EDF /* AssistantEvent.swift in Sources */ = {isa = PBXBuildFile; fileRef = CB57F52AE25B28FE7B053ED3 /* AssistantEvent.swift */; };
		6F734A48671485176AFD6DD2 /* WhisperConfiguration.swift in Sources */ = {isa = PBXBuildFile; fileRef = FC0D658BEE11FA22093C3B80 /* WhisperConfiguration.swift */; };
		75243088C78FB3B74FD371C3 /* TranscriptStore.swift in Sources */ = {isa = PBXBuildFile; fileRef = E4FC932A49FF7C6B5296C19F /* TranscriptStore.swift */; };
		77D6E4CC8CCB42EE5EAD5B88 /* ModelManager.swift in Sources */ = {isa = PBXBuildFile; fileRef = 14E158F157F7340493892717 /* ModelManager.swift */; };
		7AC915CF4D2C7115265918BD /* QuestionEvent.swift in Sources */ = {isa = PBXBuildFile; fileRef = 8E62E35C261B4984BDE94280 /* QuestionEvent.swift */; };
		7AF3831AA30EA16BCD0A1713 /* ContextManager.swift in Sources */ = {isa = PBXBuildFile; fileRef = 76CE818E074F22869FD18072 /* ContextManager.swift */; };
		826D806104AB3709D5095F45 /* AudioChunk.swift in Sources */ = {isa = PBXBuildFile; fileRef = B74B0A595370D4DDE1DDE13A /* AudioChunk.swift */; };
		8BEF32F05F6C866340364DF3 /* SystemAudioCaptureService.swift in Sources */ = {isa = PBXBuildFile; fileRef = 34E2F15B8F2F19C29DA0A5CC /* SystemAudioCaptureService.swift */; };
		9505513958F511BAE41791DD /* AudioConverter.swift in Sources */ = {isa = PBXBuildFile; fileRef = 6CFAB94163AA5F7839FA7C28 /* AudioConverter.swift */; };
		97C2914BC9414CA0CED85941 /* OCRService.swift in Sources */ = {isa = PBXBuildFile; fileRef = 46C58D546B4A4B64CDD2A99C /* OCRService.swift */; };
		99DABCAFE01FD0CC42AB4C8F /* MenuBarManager.swift in Sources */ = {isa = PBXBuildFile; fileRef = 48C27774CDE0831704BDF3C1 /* MenuBarManager.swift */; };
		9B25232B32DCACC3E5A56116 /* MicrophoneCaptureService.swift in Sources */ = {isa = PBXBuildFile; fileRef = 7A912CDFA7AAF0CA7815A0FF /* MicrophoneCaptureService.swift */; };
		9C6F3EAB651D48ACD30313FA /* ScreenCaptureServiceProtocol.swift in Sources */ = {isa = PBXBuildFile; fileRef = 69658D3B2CCE7EDE9403D5D4 /* ScreenCaptureServiceProtocol.swift */; };
		9CB545C681B38A657E5BE8D7 /* butlerTests.swift in Sources */ = {isa = PBXBuildFile; fileRef = 0541A076850CB1BF924AFDC5 /* butlerTests.swift */; };
		9D24270766FED77356BC02C6 /* VoiceActivityDetector.swift in Sources */ = {isa = PBXBuildFile; fileRef = F465A4C74C68F4C7C8DEDF10 /* VoiceActivityDetector.swift */; };
		9FB99B1216ABB0F120A4F04F /* AudioCaptureService.swift in Sources */ = {isa = PBXBuildFile; fileRef = 5FBEF594CFF2491F55FD47C7 /* AudioCaptureService.swift */; };
		A44B62808BE5AA2D67F6957A /* AssistantError.swift in Sources */ = {isa = PBXBuildFile; fileRef = 1E318625667D642ACA8C8F41 /* AssistantError.swift */; };
		A45FE93F477B117D960EF409 /* PerformanceMonitor.swift in Sources */ = {isa = PBXBuildFile; fileRef = 3BD6377051C88D4CD50BC021 /* PerformanceMonitor.swift */; };
		A7C8ACD84F10BD1FD39DCF30 /* OverlayViewModel.swift in Sources */ = {isa = PBXBuildFile; fileRef = 0206C08ABC89BD1221678E05 /* OverlayViewModel.swift */; };
		B40909CA7E9FA2E9BF0BA322 /* TranscriptSegment.swift in Sources */ = {isa = PBXBuildFile; fileRef = D6794B24EE159D42A28C02FA /* TranscriptSegment.swift */; };
		B6C76F89B4F97A0E819835CC /* VisualEffectView.swift in Sources */ = {isa = PBXBuildFile; fileRef = A1482B177BC0347CA06EC995 /* VisualEffectView.swift */; };
		BAF4DEF453F9DFCC23BF2D93 /* SettingsView.swift in Sources */ = {isa = PBXBuildFile; fileRef = 4A097F915E061F2D3CDFF101 /* SettingsView.swift */; };
		BDEB9491018AF78602D24A4A /* QuestionDetector.swift in Sources */ = {isa = PBXBuildFile; fileRef = 3AC3A69B2EFD9281116C5EED /* QuestionDetector.swift */; };
		BEBAB0D01BB05A77226A8072 /* ConversationWindow.swift in Sources */ = {isa = PBXBuildFile; fileRef = B9FCB385BDF1521AE6783434 /* ConversationWindow.swift */; };
		C821748FEF105ED3B1B4EE83 /* PerformanceView.swift in Sources */ = {isa = PBXBuildFile; fileRef = D123A588D771F173BAF9877F /* PerformanceView.swift */; };
		C959E86E7C8FB1A90564F471 /* ScreenRecordingPermission.swift in Sources */ = {isa = PBXBuildFile; fileRef = 0E660CF2FCAAADE7AD5BF5BB /* ScreenRecordingPermission.swift */; };
		CB9B956BC6B296284EC5EA85 /* OverlayContentView.swift in Sources */ = {isa = PBXBuildFile; fileRef = BFED636433B3C7387C9A324B /* OverlayContentView.swift */; };
		CF0DA192F70943A2365DAFEA /* AudioSessionCoordinator.swift in Sources */ = {isa = PBXBuildFile; fileRef = F0A42A8FEEA0630C23D8175B /* AudioSessionCoordinator.swift */; };
		CF582AD4B5EBE1DF049C573B /* butlerApp.swift in Sources */ = {isa = PBXBuildFile; fileRef = 91631126DFFEFE17E4C7C594 /* butlerApp.swift */; };
		CF969F92E32DF757680F45C0 /* SignpostLogger.swift in Sources */ = {isa = PBXBuildFile; fileRef = 6C5318A643AEC0D07311026E /* SignpostLogger.swift */; };
		D1C2741A78F7C9E9DD08134C /* TranscriptAssembler.swift in Sources */ = {isa = PBXBuildFile; fileRef = C03951F536F13575CA3B7419 /* TranscriptAssembler.swift */; };
		DCF04F373A03F9BEA0AB80CB /* LLMConfiguration.swift in Sources */ = {isa = PBXBuildFile; fileRef = B57C3F9156437961EBE0F5A0 /* LLMConfiguration.swift */; };
		E152285C86FF2E0ABA0ADDFA /* AppDelegate.swift in Sources */ = {isa = PBXBuildFile; fileRef = 73BA68CE03661F7D9FBA3FE2 /* AppDelegate.swift */; };
		E7327A5D6E1D1E2C218A350F /* LLMEngine.swift in Sources */ = {isa = PBXBuildFile; fileRef = 0CEBC579EAA57AD6D62D88DA /* LLMEngine.swift */; };
		E91314DB244E541369D8494F /* AppConfiguration.swift in Sources */ = {isa = PBXBuildFile; fileRef = 19E2A47530EFEF27D68819AB /* AppConfiguration.swift */; };
/* End PBXBuildFile section */

/* Begin PBXContainerItemProxy section */
		5C4DE7A5DB475B3700436C68 /* PBXContainerItemProxy */ = {
			isa = PBXContainerItemProxy;
			containerPortal = 57B91EEB24DEE9266DE81B2A /* Project object */;
			proxyType = 1;
			remoteGlobalIDString = 6BC7FF35149F1FB5BA1E85B4;
			remoteInfo = butler;
		};
/* End PBXContainerItemProxy section */

/* Begin PBXFileReference section */
		012A7B6D533A3AA5B65F5E47 /* TranscriptView.swift */ = {isa = PBXFileReference; lastKnownFileType = sourcecode.swift; path = TranscriptView.swift; sourceTree = "<group>"; };
		0206C08ABC89BD1221678E05 /* OverlayViewModel.swift */ = {isa = PBXFileReference; lastKnownFileType = sourcecode.swift; path = OverlayViewModel.swift; sourceTree = "<group>"; };
		0541A076850CB1BF924AFDC5 /* butlerTests.swift */ = {isa = PBXFileReference; lastKnownFileType = sourcecode.swift; path = butlerTests.swift; sourceTree = "<group>"; };
		0CB536CCD0971E107098B7A0 /* ResponseGenerator.swift */ = {isa = PBXFileReference; lastKnownFileType = sourcecode.swift; path = ResponseGenerator.swift; sourceTree = "<group>"; };
		0CEBC579EAA57AD6D62D88DA /* LLMEngine.swift */ = {isa = PBXFileReference; lastKnownFileType = sourcecode.swift; path = LLMEngine.swift; sourceTree = "<group>"; };
		0E660CF2FCAAADE7AD5BF5BB /* ScreenRecordingPermission.swift */ = {isa = PBXFileReference; lastKnownFileType = sourcecode.swift; path = ScreenRecordingPermission.swift; sourceTree = "<group>"; };
		1018F39E978AF931EAACE0E4 /* WhisperWrapper.mm */ = {isa = PBXFileReference; lastKnownFileType = sourcecode.cpp.objcpp; path = WhisperWrapper.mm; sourceTree = "<group>"; };
		140C3225CFE23283A96C3C5A /* PromptBuilder.swift */ = {isa = PBXFileReference; lastKnownFileType = sourcecode.swift; path = PromptBuilder.swift; sourceTree = "<group>"; };
		14E158F157F7340493892717 /* ModelManager.swift */ = {isa = PBXFileReference; lastKnownFileType = sourcecode.swift; path = ModelManager.swift; sourceTree = "<group>"; };
		14FE9D9026A40D02D19DD5B4 /* MicrophonePermission.swift */ = {isa = PBXFileReference; lastKnownFileType = sourcecode.swift; path = MicrophonePermission.swift; sourceTree = "<group>"; };
		15FF6ABA900DA4B7A7E4A941 /* AudioSettingsView.swift */ = {isa = PBXFileReference; lastKnownFileType = sourcecode.swift; path = AudioSettingsView.swift; sourceTree = "<group>"; };
		1943B0D99790E985D115FCD2 /* BridgingHeader.h */ = {isa = PBXFileReference; lastKnownFileType = sourcecode.c.h; path = BridgingHeader.h; sourceTree = "<group>"; };
		19E2A47530EFEF27D68819AB /* AppConfiguration.swift */ = {isa = PBXFileReference; lastKnownFileType = sourcecode.swift; path = AppConfiguration.swift; sourceTree = "<group>"; };
		1E318625667D642ACA8C8F41 /* AssistantError.swift */ = {isa = PBXFileReference; lastKnownFileType = sourcecode.swift; path = AssistantError.swift; sourceTree = "<group>"; };
		301D7581A603D1FE207843CC /* AppearanceSettingsView.swift */ = {isa = PBXFileReference; lastKnownFileType = sourcecode.swift; path = AppearanceSettingsView.swift; sourceTree = "<group>"; };
		336A761DD212E625ADEF707C /* MainWindowView.swift */ = {isa = PBXFileReference; lastKnownFileType = sourcecode.swift; path = MainWindowView.swift; sourceTree = "<group>"; };
		34E2F15B8F2F19C29DA0A5CC /* SystemAudioCaptureService.swift */ = {isa = PBXFileReference; lastKnownFileType = sourcecode.swift; path = SystemAudioCaptureService.swift; sourceTree = "<group>"; };
		3AC3A69B2EFD9281116C5EED /* QuestionDetector.swift */ = {isa = PBXFileReference; lastKnownFileType = sourcecode.swift; path = QuestionDetector.swift; sourceTree = "<group>"; };
		3BD6377051C88D4CD50BC021 /* PerformanceMonitor.swift */ = {isa = PBXFileReference; lastKnownFileType = sourcecode.swift; path = PerformanceMonitor.swift; sourceTree = "<group>"; };
		4353CDE5046EDB1E839FB478 /* ChangeDetector.swift */ = {isa = PBXFileReference; lastKnownFileType = sourcecode.swift; path = ChangeDetector.swift; sourceTree = "<group>"; };
		46C58D546B4A4B64CDD2A99C /* OCRService.swift */ = {isa = PBXFileReference; lastKnownFileType = sourcecode.swift; path = OCRService.swift; sourceTree = "<group>"; };
		48C27774CDE0831704BDF3C1 /* MenuBarManager.swift */ = {isa = PBXFileReference; lastKnownFileType = sourcecode.swift; path = MenuBarManager.swift; sourceTree = "<group>"; };
		4A097F915E061F2D3CDFF101 /* SettingsView.swift */ = {isa = PBXFileReference; lastKnownFileType = sourcecode.swift; path = SettingsView.swift; sourceTree = "<group>"; };
		505E7857C4243D59F5CD4F8C /* LlamaWrapper.mm */ = {isa = PBXFileReference; lastKnownFileType = sourcecode.cpp.objcpp; path = LlamaWrapper.mm; sourceTree = "<group>"; };
		529AC9050E457DFB35F012F1 /* PermissionOnboardingView.swift */ = {isa = PBXFileReference; lastKnownFileType = sourcecode.swift; path = PermissionOnboardingView.swift; sourceTree = "<group>"; };
		5A9FB51D80E304136CAC7AEE /* OverlayPanel.swift */ = {isa = PBXFileReference; lastKnownFileType = sourcecode.swift; path = OverlayPanel.swift; sourceTree = "<group>"; };
		5FBEF594CFF2491F55FD47C7 /* AudioCaptureService.swift */ = {isa = PBXFileReference; lastKnownFileType = sourcecode.swift; path = AudioCaptureService.swift; sourceTree = "<group>"; };
		615FD5BD3E0A32B195F3528F /* BridgingHeader.h */ = {isa = PBXFileReference; lastKnownFileType = sourcecode.c.h; path = BridgingHeader.h; sourceTree = "<group>"; };
		691881EE3549E8349F985135 /* SpeechToTextEngine.swift */ = {isa = PBXFileReference; lastKnownFileType = sourcecode.swift; path = SpeechToTextEngine.swift; sourceTree = "<group>"; };
		694BE4022E1922C805D6ACAE /* LocalLLMEngine.swift */ = {isa = PBXFileReference; lastKnownFileType = sourcecode.swift; path = LocalLLMEngine.swift; sourceTree = "<group>"; };
		69658D3B2CCE7EDE9403D5D4 /* ScreenCaptureServiceProtocol.swift */ = {isa = PBXFileReference; lastKnownFileType = sourcecode.swift; path = ScreenCaptureServiceProtocol.swift; sourceTree = "<group>"; };
		6A91A3593C68C4A2EFD73943 /* AISettingsView.swift */ = {isa = PBXFileReference; lastKnownFileType = sourcecode.swift; path = AISettingsView.swift; sourceTree = "<group>"; };
		6C5318A643AEC0D07311026E /* SignpostLogger.swift */ = {isa = PBXFileReference; lastKnownFileType = sourcecode.swift; path = SignpostLogger.swift; sourceTree = "<group>"; };
		6CFAB94163AA5F7839FA7C28 /* AudioConverter.swift */ = {isa = PBXFileReference; lastKnownFileType = sourcecode.swift; path = AudioConverter.swift; sourceTree = "<group>"; };
		73BA68CE03661F7D9FBA3FE2 /* AppDelegate.swift */ = {isa = PBXFileReference; lastKnownFileType = sourcecode.swift; path = AppDelegate.swift; sourceTree = "<group>"; };
		76CE818E074F22869FD18072 /* ContextManager.swift */ = {isa = PBXFileReference; lastKnownFileType = sourcecode.swift; path = ContextManager.swift; sourceTree = "<group>"; };
		796AB71C6E140B5FE92C2980 /* VisionTriggerPolicy.swift */ = {isa = PBXFileReference; lastKnownFileType = sourcecode.swift; path = VisionTriggerPolicy.swift; sourceTree = "<group>"; };
		7A912CDFA7AAF0CA7815A0FF /* MicrophoneCaptureService.swift */ = {isa = PBXFileReference; lastKnownFileType = sourcecode.swift; path = MicrophoneCaptureService.swift; sourceTree = "<group>"; };
		7B2870AC5695BA988EC0A1E6 /* SessionState.swift */ = {isa = PBXFileReference; lastKnownFileType = sourcecode.swift; path = SessionState.swift; sourceTree = "<group>"; };
		7F6007679EA19721A10FFD77 /* butler.entitlements */ = {isa = PBXFileReference; lastKnownFileType = text.plist.entitlements; path = butler.entitlements; sourceTree = "<group>"; };
		82DB3601F2F8CE9F9A3D66E0 /* WhisperEngine.swift */ = {isa = PBXFileReference; lastKnownFileType = sourcecode.swift; path = WhisperEngine.swift; sourceTree = "<group>"; };
		8B8379B660FE94765D3523F7 /* AudioLevelView.swift */ = {isa = PBXFileReference; lastKnownFileType = sourcecode.swift; path = AudioLevelView.swift; sourceTree = "<group>"; };
		8E62E35C261B4984BDE94280 /* QuestionEvent.swift */ = {isa = PBXFileReference; lastKnownFileType = sourcecode.swift; path = QuestionEvent.swift; sourceTree = "<group>"; };
		91631126DFFEFE17E4C7C594 /* butlerApp.swift */ = {isa = PBXFileReference; lastKnownFileType = sourcecode.swift; path = butlerApp.swift; sourceTree = "<group>"; };
		930A8C579FA59874C0935378 /* Info.plist */ = {isa = PBXFileReference; lastKnownFileType = text.plist; path = Info.plist; sourceTree = "<group>"; };
		9AD51584E70760DD8F319F11 /* butler.app */ = {isa = PBXFileReference; explicitFileType = wrapper.application; includeInIndex = 0; path = butler.app; sourceTree = BUILT_PRODUCTS_DIR; };
		A028454F645A7FC2EED8E569 /* ConversationTurn.swift */ = {isa = PBXFileReference; lastKnownFileType = sourcecode.swift; path = ConversationTurn.swift; sourceTree = "<group>"; };
		A1482B177BC0347CA06EC995 /* VisualEffectView.swift */ = {isa = PBXFileReference; lastKnownFileType = sourcecode.swift; path = VisualEffectView.swift; sourceTree = "<group>"; };
		AE292507B1F12361044F440A /* LatencyTracker.swift */ = {isa = PBXFileReference; lastKnownFileType = sourcecode.swift; path = LatencyTracker.swift; sourceTree = "<group>"; };
		B0745D16FE0667832B5266B9 /* butlerTests.xctest */ = {isa = PBXFileReference; explicitFileType = wrapper.cfbundle; includeInIndex = 0; path = butlerTests.xctest; sourceTree = BUILT_PRODUCTS_DIR; };
		B4F2826B59E2406783CA886F /* LlamaWrapper.h */ = {isa = PBXFileReference; lastKnownFileType = sourcecode.c.h; path = LlamaWrapper.h; sourceTree = "<group>"; };
		B57C3F9156437961EBE0F5A0 /* LLMConfiguration.swift */ = {isa = PBXFileReference; lastKnownFileType = sourcecode.swift; path = LLMConfiguration.swift; sourceTree = "<group>"; };
		B74B0A595370D4DDE1DDE13A /* AudioChunk.swift */ = {isa = PBXFileReference; lastKnownFileType = sourcecode.swift; path = AudioChunk.swift; sourceTree = "<group>"; };
		B9FCB385BDF1521AE6783434 /* ConversationWindow.swift */ = {isa = PBXFileReference; lastKnownFileType = sourcecode.swift; path = ConversationWindow.swift; sourceTree = "<group>"; };
		BFED636433B3C7387C9A324B /* OverlayContentView.swift */ = {isa = PBXFileReference; lastKnownFileType = sourcecode.swift; path = OverlayContentView.swift; sourceTree = "<group>"; };
		C03951F536F13575CA3B7419 /* TranscriptAssembler.swift */ = {isa = PBXFileReference; lastKnownFileType = sourcecode.swift; path = TranscriptAssembler.swift; sourceTree = "<group>"; };
		C32FEE7CF500FE64B26B2413 /* AudioRingBuffer.swift */ = {isa = PBXFileReference; lastKnownFileType = sourcecode.swift; path = AudioRingBuffer.swift; sourceTree = "<group>"; };
		C548474AF1D537B15D3154DC /* WhisperWrapper.h */ = {isa = PBXFileReference; lastKnownFileType = sourcecode.c.h; path = WhisperWrapper.h; sourceTree = "<group>"; };
		CB57F52AE25B28FE7B053ED3 /* AssistantEvent.swift */ = {isa = PBXFileReference; lastKnownFileType = sourcecode.swift; path = AssistantEvent.swift; sourceTree = "<group>"; };
		D123A588D771F173BAF9877F /* PerformanceView.swift */ = {isa = PBXFileReference; lastKnownFileType = sourcecode.swift; path = PerformanceView.swift; sourceTree = "<group>"; };
		D60408A2B4BB07BE9805A570 /* MemoryMonitor.swift */ = {isa = PBXFileReference; lastKnownFileType = sourcecode.swift; path = MemoryMonitor.swift; sourceTree = "<group>"; };
		D6794B24EE159D42A28C02FA /* TranscriptSegment.swift */ = {isa = PBXFileReference; lastKnownFileType = sourcecode.swift; path = TranscriptSegment.swift; sourceTree = "<group>"; };
		DD8FDEA23A70B8F73792ED05 /* FrameSampler.swift */ = {isa = PBXFileReference; lastKnownFileType = sourcecode.swift; path = FrameSampler.swift; sourceTree = "<group>"; };
		E4FC932A49FF7C6B5296C19F /* TranscriptStore.swift */ = {isa = PBXFileReference; lastKnownFileType = sourcecode.swift; path = TranscriptStore.swift; sourceTree = "<group>"; };
		F0A42A8FEEA0630C23D8175B /* AudioSessionCoordinator.swift */ = {isa = PBXFileReference; lastKnownFileType = sourcecode.swift; path = AudioSessionCoordinator.swift; sourceTree = "<group>"; };
		F0FA32DAE2F2144D0BD43728 /* SessionCoordinator.swift */ = {isa = PBXFileReference; lastKnownFileType = sourcecode.swift; path = SessionCoordinator.swift; sourceTree = "<group>"; };
		F3A814A12A348841DC0A4C0A /* ContextCompressor.swift */ = {isa = PBXFileReference; lastKnownFileType = sourcecode.swift; path = ContextCompressor.swift; sourceTree = "<group>"; };
		F465A4C74C68F4C7C8DEDF10 /* VoiceActivityDetector.swift */ = {isa = PBXFileReference; lastKnownFileType = sourcecode.swift; path = VoiceActivityDetector.swift; sourceTree = "<group>"; };
		FB611AFDFE2FADDB83D5D41E /* VisionEngine.swift */ = {isa = PBXFileReference; lastKnownFileType = sourcecode.swift; path = VisionEngine.swift; sourceTree = "<group>"; };
		FC0D658BEE11FA22093C3B80 /* WhisperConfiguration.swift */ = {isa = PBXFileReference; lastKnownFileType = sourcecode.swift; path = WhisperConfiguration.swift; sourceTree = "<group>"; };
/* End PBXFileReference section */

/* Begin PBXFrameworksBuildPhase section */
		BDDF40B371A94AA036B2D581 /* Frameworks */ = {
			isa = PBXFrameworksBuildPhase;
			buildActionMask = 2147483647;
			files = (
				10C332AB509BBBA1EDE18EC1 /* HotKey in Frameworks */,
			);
			runOnlyForDeploymentPostprocessing = 0;
		};
/* End PBXFrameworksBuildPhase section */

/* Begin PBXGroup section */
		0D0F147003D5314BE26A5C71 /* Audio */ = {
			isa = PBXGroup;
			children = (
				6CFAB94163AA5F7839FA7C28 /* AudioConverter.swift */,
				C32FEE7CF500FE64B26B2413 /* AudioRingBuffer.swift */,
				F0A42A8FEEA0630C23D8175B /* AudioSessionCoordinator.swift */,
				7A912CDFA7AAF0CA7815A0FF /* MicrophoneCaptureService.swift */,
				34E2F15B8F2F19C29DA0A5CC /* SystemAudioCaptureService.swift */,
				F465A4C74C68F4C7C8DEDF10 /* VoiceActivityDetector.swift */,
			);
			path = Audio;
			sourceTree = "<group>";
		};
		10BB5D285230D8EC037D6F0F /* LlamaBridge */ = {
			isa = PBXGroup;
			children = (
				1943B0D99790E985D115FCD2 /* BridgingHeader.h */,
				B4F2826B59E2406783CA886F /* LlamaWrapper.h */,
				505E7857C4243D59F5CD4F8C /* LlamaWrapper.mm */,
			);
			path = LlamaBridge;
			sourceTree = "<group>";
		};
		175B62BF3C4E415B11912E7C /* Products */ = {
			isa = PBXGroup;
			children = (
				9AD51584E70760DD8F319F11 /* butler.app */,
				B0745D16FE0667832B5266B9 /* butlerTests.xctest */,
			);
			name = Products;
			sourceTree = "<group>";
		};
		2A5CDDED56EFF58D3DB375E7 /* Overlay */ = {
			isa = PBXGroup;
			children = (
				BFED636433B3C7387C9A324B /* OverlayContentView.swift */,
				5A9FB51D80E304136CAC7AEE /* OverlayPanel.swift */,
				0206C08ABC89BD1221678E05 /* OverlayViewModel.swift */,
			);
			path = Overlay;
			sourceTree = "<group>";
		};
		34CF4496DFB17AE2CE788638 /* Speech */ = {
			isa = PBXGroup;
			children = (
				C03951F536F13575CA3B7419 /* TranscriptAssembler.swift */,
				FC0D658BEE11FA22093C3B80 /* WhisperConfiguration.swift */,
				82DB3601F2F8CE9F9A3D66E0 /* WhisperEngine.swift */,
				6F7C3D77295BF9B161D114C8 /* WhisperBridge */,
			);
			path = Speech;
			sourceTree = "<group>";
		};
		36C905A83284EA8217D96257 /* Performance */ = {
			isa = PBXGroup;
			children = (
				AE292507B1F12361044F440A /* LatencyTracker.swift */,
				D60408A2B4BB07BE9805A570 /* MemoryMonitor.swift */,
				3BD6377051C88D4CD50BC021 /* PerformanceMonitor.swift */,
				6C5318A643AEC0D07311026E /* SignpostLogger.swift */,
			);
			path = Performance;
			sourceTree = "<group>";
		};
		5733BE3FB091C58F45BDE88C /* Errors */ = {
			isa = PBXGroup;
			children = (
				1E318625667D642ACA8C8F41 /* AssistantError.swift */,
			);
			path = Errors;
			sourceTree = "<group>";
		};
		594088B05B77F7DA789DFF34 /* Context */ = {
			isa = PBXGroup;
			children = (
				F3A814A12A348841DC0A4C0A /* ContextCompressor.swift */,
				76CE818E074F22869FD18072 /* ContextManager.swift */,
				B9FCB385BDF1521AE6783434 /* ConversationWindow.swift */,
				E4FC932A49FF7C6B5296C19F /* TranscriptStore.swift */,
			);
			path = Context;
			sourceTree = "<group>";
		};
		61AFD7FC3B2EEF186D66A82F /* Session */ = {
			isa = PBXGroup;
			children = (
				F0FA32DAE2F2144D0BD43728 /* SessionCoordinator.swift */,
				7B2870AC5695BA988EC0A1E6 /* SessionState.swift */,
			);
			path = Session;
			sourceTree = "<group>";
		};
		62C29FEA0E6E1D22241D592F /* App */ = {
			isa = PBXGroup;
			children = (
				73BA68CE03661F7D9FBA3FE2 /* AppDelegate.swift */,
				91631126DFFEFE17E4C7C594 /* butlerApp.swift */,
			);
			path = App;
			sourceTree = "<group>";
		};
		6F7C3D77295BF9B161D114C8 /* WhisperBridge */ = {
			isa = PBXGroup;
			children = (
				615FD5BD3E0A32B195F3528F /* BridgingHeader.h */,
				C548474AF1D537B15D3154DC /* WhisperWrapper.h */,
				1018F39E978AF931EAACE0E4 /* WhisperWrapper.mm */,
			);
			path = WhisperBridge;
			sourceTree = "<group>";
		};
		719A1F5701343413BB530BB4 /* Intelligence */ = {
			isa = PBXGroup;
			children = (
				140C3225CFE23283A96C3C5A /* PromptBuilder.swift */,
				3AC3A69B2EFD9281116C5EED /* QuestionDetector.swift */,
				0CB536CCD0971E107098B7A0 /* ResponseGenerator.swift */,
			);
			path = Intelligence;
			sourceTree = "<group>";
		};
		76C9A7EEBC3B4C5A0E96946B /* LLM */ = {
			isa = PBXGroup;
			children = (
				B57C3F9156437961EBE0F5A0 /* LLMConfiguration.swift */,
				694BE4022E1922C805D6ACAE /* LocalLLMEngine.swift */,
				14E158F157F7340493892717 /* ModelManager.swift */,
				10BB5D285230D8EC037D6F0F /* LlamaBridge */,
			);
			path = LLM;
			sourceTree = "<group>";
		};
		7851FDC92ED93A9CABD725EE /* MainWindow */ = {
			isa = PBXGroup;
			children = (
				336A761DD212E625ADEF707C /* MainWindowView.swift */,
			);
			path = MainWindow;
			sourceTree = "<group>";
		};
		7BE789C24C1B252FBC8B9730 /* Components */ = {
			isa = PBXGroup;
			children = (
				8B8379B660FE94765D3523F7 /* AudioLevelView.swift */,
				D123A588D771F173BAF9877F /* PerformanceView.swift */,
				012A7B6D533A3AA5B65F5E47 /* TranscriptView.swift */,
				A1482B177BC0347CA06EC995 /* VisualEffectView.swift */,
			);
			path = Components;
			sourceTree = "<group>";
		};
		84EBB981C4984450679C0C61 /* MenuBar */ = {
			isa = PBXGroup;
			children = (
				48C27774CDE0831704BDF3C1 /* MenuBarManager.swift */,
			);
			path = MenuBar;
			sourceTree = "<group>";
		};
		93748CD9DA3BFCA1AFA0CD86 /* Settings */ = {
			isa = PBXGroup;
			children = (
				6A91A3593C68C4A2EFD73943 /* AISettingsView.swift */,
				301D7581A603D1FE207843CC /* AppearanceSettingsView.swift */,
				15FF6ABA900DA4B7A7E4A941 /* AudioSettingsView.swift */,
				4A097F915E061F2D3CDFF101 /* SettingsView.swift */,
			);
			path = Settings;
			sourceTree = "<group>";
		};
		93FE7B7F6DB1E941443E8739 /* butler */ = {
			isa = PBXGroup;
			children = (
				62C29FEA0E6E1D22241D592F /* App */,
				0D0F147003D5314BE26A5C71 /* Audio */,
				594088B05B77F7DA789DFF34 /* Context */,
				F66674351195BCF0985978A2 /* Core */,
				F811C3D7DA0DDF99744C1769 /* FutureVision */,
				719A1F5701343413BB530BB4 /* Intelligence */,
				76C9A7EEBC3B4C5A0E96946B /* LLM */,
				36C905A83284EA8217D96257 /* Performance */,
				C0B37386BB494ACC384B4787 /* Permissions */,
				C87AD8DC07738D123406D96B /* Resources */,
				61AFD7FC3B2EEF186D66A82F /* Session */,
				34CF4496DFB17AE2CE788638 /* Speech */,
				A3015E2B4A5E9797821919B0 /* UI */,
			);
			path = butler;
			sourceTree = "<group>";
		};
		A3015E2B4A5E9797821919B0 /* UI */ = {
			isa = PBXGroup;
			children = (
				7BE789C24C1B252FBC8B9730 /* Components */,
				7851FDC92ED93A9CABD725EE /* MainWindow */,
				84EBB981C4984450679C0C61 /* MenuBar */,
				CC022DB134464DBB779B9EED /* Onboarding */,
				2A5CDDED56EFF58D3DB375E7 /* Overlay */,
				93748CD9DA3BFCA1AFA0CD86 /* Settings */,
			);
			path = UI;
			sourceTree = "<group>";
		};
		AA5CCA333EDBC28BAAD9F300 /* Events */ = {
			isa = PBXGroup;
			children = (
				CB57F52AE25B28FE7B053ED3 /* AssistantEvent.swift */,
			);
			path = Events;
			sourceTree = "<group>";
		};
		C0B37386BB494ACC384B4787 /* Permissions */ = {
			isa = PBXGroup;
			children = (
				14FE9D9026A40D02D19DD5B4 /* MicrophonePermission.swift */,
				0E660CF2FCAAADE7AD5BF5BB /* ScreenRecordingPermission.swift */,
			);
			path = Permissions;
			sourceTree = "<group>";
		};
		C87AD8DC07738D123406D96B /* Resources */ = {
			isa = PBXGroup;
			children = (
				7F6007679EA19721A10FFD77 /* butler.entitlements */,
				930A8C579FA59874C0935378 /* Info.plist */,
			);
			path = Resources;
			sourceTree = "<group>";
		};
		C8A1B0F35B48669927B9F492 = {
			isa = PBXGroup;
			children = (
				93FE7B7F6DB1E941443E8739 /* butler */,
				D606D5F459D5C0280B565533 /* butlerTests */,
				175B62BF3C4E415B11912E7C /* Products */,
			);
			sourceTree = "<group>";
		};
		CC022DB134464DBB779B9EED /* Onboarding */ = {
			isa = PBXGroup;
			children = (
				529AC9050E457DFB35F012F1 /* PermissionOnboardingView.swift */,
			);
			path = Onboarding;
			sourceTree = "<group>";
		};
		D606D5F459D5C0280B565533 /* butlerTests */ = {
			isa = PBXGroup;
			children = (
				0541A076850CB1BF924AFDC5 /* butlerTests.swift */,
			);
			path = butlerTests;
			sourceTree = "<group>";
		};
		E38511A77C4A4EF1E37591DF /* Models */ = {
			isa = PBXGroup;
			children = (
				19E2A47530EFEF27D68819AB /* AppConfiguration.swift */,
				B74B0A595370D4DDE1DDE13A /* AudioChunk.swift */,
				A028454F645A7FC2EED8E569 /* ConversationTurn.swift */,
				8E62E35C261B4984BDE94280 /* QuestionEvent.swift */,
				D6794B24EE159D42A28C02FA /* TranscriptSegment.swift */,
			);
			path = Models;
			sourceTree = "<group>";
		};
		E7A74F86915B2E1024CBC166 /* Protocols */ = {
			isa = PBXGroup;
			children = (
				5FBEF594CFF2491F55FD47C7 /* AudioCaptureService.swift */,
				0CEBC579EAA57AD6D62D88DA /* LLMEngine.swift */,
				691881EE3549E8349F985135 /* SpeechToTextEngine.swift */,
			);
			path = Protocols;
			sourceTree = "<group>";
		};
		F66674351195BCF0985978A2 /* Core */ = {
			isa = PBXGroup;
			children = (
				5733BE3FB091C58F45BDE88C /* Errors */,
				AA5CCA333EDBC28BAAD9F300 /* Events */,
				E38511A77C4A4EF1E37591DF /* Models */,
				E7A74F86915B2E1024CBC166 /* Protocols */,
			);
			path = Core;
			sourceTree = "<group>";
		};
		F811C3D7DA0DDF99744C1769 /* FutureVision */ = {
			isa = PBXGroup;
			children = (
				4353CDE5046EDB1E839FB478 /* ChangeDetector.swift */,
				DD8FDEA23A70B8F73792ED05 /* FrameSampler.swift */,
				46C58D546B4A4B64CDD2A99C /* OCRService.swift */,
				69658D3B2CCE7EDE9403D5D4 /* ScreenCaptureServiceProtocol.swift */,
				FB611AFDFE2FADDB83D5D41E /* VisionEngine.swift */,
				796AB71C6E140B5FE92C2980 /* VisionTriggerPolicy.swift */,
			);
			path = FutureVision;
			sourceTree = "<group>";
		};
/* End PBXGroup section */

/* Begin PBXNativeTarget section */
		6BC7FF35149F1FB5BA1E85B4 /* butler */ = {
			isa = PBXNativeTarget;
			buildConfigurationList = 549682FEF920652D5CF07B90 /* Build configuration list for PBXNativeTarget "butler" */;
			buildPhases = (
				E20388E25ECE4F60EB8595F7 /* Sources */,
				BDDF40B371A94AA036B2D581 /* Frameworks */,
			);
			buildRules = (
			);
			dependencies = (
			);
			name = butler;
			packageProductDependencies = (
				31A9C27C166175D8DC38DC54 /* HotKey */,
			);
			productName = butler;
			productReference = 9AD51584E70760DD8F319F11 /* butler.app */;
			productType = "com.apple.product-type.application";
		};
		D97ED73064E5DAAB35A37304 /* butlerTests */ = {
			isa = PBXNativeTarget;
			buildConfigurationList = 6E34B43C0DA1CF51A8DF3C22 /* Build configuration list for PBXNativeTarget "butlerTests" */;
			buildPhases = (
				BAD859FD31B7E46BBF9BE417 /* Sources */,
			);
			buildRules = (
			);
			dependencies = (
				584B18CA4A1E62125D1E5772 /* PBXTargetDependency */,
			);
			name = butlerTests;
			packageProductDependencies = (
			);
			productName = butlerTests;
			productReference = B0745D16FE0667832B5266B9 /* butlerTests.xctest */;
			productType = "com.apple.product-type.bundle.unit-test";
		};
/* End PBXNativeTarget section */

/* Begin PBXProject section */
		57B91EEB24DEE9266DE81B2A /* Project object */ = {
			isa = PBXProject;
			attributes = {
				BuildIndependentTargetsInParallel = YES;
				LastUpgradeCheck = 1430;
				TargetAttributes = {
					6BC7FF35149F1FB5BA1E85B4 = {
						DevelopmentTeam = "";
					};
				};
			};
			buildConfigurationList = 79391AB3C29B23E3A5861901 /* Build configuration list for PBXProject "butler" */;
			developmentRegion = en;
			hasScannedForEncodings = 0;
			knownRegions = (
				Base,
				en,
			);
			mainGroup = C8A1B0F35B48669927B9F492;
			minimizedProjectReferenceProxies = 1;
			packageReferences = (
				28F6E2EF2063A66FB979FA70 /* XCRemoteSwiftPackageReference "HotKey" */,
			);
			preferredProjectObjectVersion = 77;
			productRefGroup = 175B62BF3C4E415B11912E7C /* Products */;
			projectDirPath = "";
			projectRoot = "";
			targets = (
				6BC7FF35149F1FB5BA1E85B4 /* butler */,
				D97ED73064E5DAAB35A37304 /* butlerTests */,
			);
		};
/* End PBXProject section */

/* Begin PBXSourcesBuildPhase section */
		BAD859FD31B7E46BBF9BE417 /* Sources */ = {
			isa = PBXSourcesBuildPhase;
			buildActionMask = 2147483647;
			files = (
				9CB545C681B38A657E5BE8D7 /* butlerTests.swift in Sources */,
			);
			runOnlyForDeploymentPostprocessing = 0;
		};
		E20388E25ECE4F60EB8595F7 /* Sources */ = {
			isa = PBXSourcesBuildPhase;
			buildActionMask = 2147483647;
			files = (
				4EB08142D1282F3DA4D43C5A /* AISettingsView.swift in Sources */,
				E91314DB244E541369D8494F /* AppConfiguration.swift in Sources */,
				E152285C86FF2E0ABA0ADDFA /* AppDelegate.swift in Sources */,
				22F9DE3B6DE647AEC2240285 /* AppearanceSettingsView.swift in Sources */,
				A44B62808BE5AA2D67F6957A /* AssistantError.swift in Sources */,
				68AE6E75E28CE94C2AAB9EDF /* AssistantEvent.swift in Sources */,
				9FB99B1216ABB0F120A4F04F /* AudioCaptureService.swift in Sources */,
				826D806104AB3709D5095F45 /* AudioChunk.swift in Sources */,
				9505513958F511BAE41791DD /* AudioConverter.swift in Sources */,
				6653545A0FE24239FCB69880 /* AudioLevelView.swift in Sources */,
				4785940E5FB079230CF26226 /* AudioRingBuffer.swift in Sources */,
				CF0DA192F70943A2365DAFEA /* AudioSessionCoordinator.swift in Sources */,
				5F491EAC2558342C77B374FB /* AudioSettingsView.swift in Sources */,
				0B318BC00713E2DB39885947 /* ChangeDetector.swift in Sources */,
				161CC56A74C4E14709D05D3B /* ContextCompressor.swift in Sources */,
				7AF3831AA30EA16BCD0A1713 /* ContextManager.swift in Sources */,
				63E09B8E4F6C8A54A188C3CE /* ConversationTurn.swift in Sources */,
				BEBAB0D01BB05A77226A8072 /* ConversationWindow.swift in Sources */,
				613A440E41923BD59F57175F /* FrameSampler.swift in Sources */,
				DCF04F373A03F9BEA0AB80CB /* LLMConfiguration.swift in Sources */,
				E7327A5D6E1D1E2C218A350F /* LLMEngine.swift in Sources */,
				168FE21DD06D18CDE23848E9 /* LatencyTracker.swift in Sources */,
				0F1A50F50422AF0EB59BD71D /* LlamaWrapper.mm in Sources */,
				06D56BF0E3A3A5E953F4ECA1 /* LocalLLMEngine.swift in Sources */,
				50A161028C3A266A79E79B3E /* MainWindowView.swift in Sources */,
				3FAA3CD1F2ADCEE816EA45E4 /* MemoryMonitor.swift in Sources */,
				99DABCAFE01FD0CC42AB4C8F /* MenuBarManager.swift in Sources */,
				9B25232B32DCACC3E5A56116 /* MicrophoneCaptureService.swift in Sources */,
				57F4219CD3CB9631509FAE33 /* MicrophonePermission.swift in Sources */,
				77D6E4CC8CCB42EE5EAD5B88 /* ModelManager.swift in Sources */,
				97C2914BC9414CA0CED85941 /* OCRService.swift in Sources */,
				CB9B956BC6B296284EC5EA85 /* OverlayContentView.swift in Sources */,
				659BB143BBB4D3201D8B48A9 /* OverlayPanel.swift in Sources */,
				A7C8ACD84F10BD1FD39DCF30 /* OverlayViewModel.swift in Sources */,
				A45FE93F477B117D960EF409 /* PerformanceMonitor.swift in Sources */,
				C821748FEF105ED3B1B4EE83 /* PerformanceView.swift in Sources */,
				5AA3E63DDFE3DF9F0372B293 /* PermissionOnboardingView.swift in Sources */,
				41054AA813DB24ECD4EE3011 /* PromptBuilder.swift in Sources */,
				BDEB9491018AF78602D24A4A /* QuestionDetector.swift in Sources */,
				7AC915CF4D2C7115265918BD /* QuestionEvent.swift in Sources */,
				2E5046F4DD679268B63E64BF /* ResponseGenerator.swift in Sources */,
				9C6F3EAB651D48ACD30313FA /* ScreenCaptureServiceProtocol.swift in Sources */,
				C959E86E7C8FB1A90564F471 /* ScreenRecordingPermission.swift in Sources */,
				3803F645E3A8A535D0448C1D /* SessionCoordinator.swift in Sources */,
				33C608F2C22417C4E4E460F6 /* SessionState.swift in Sources */,
				BAF4DEF453F9DFCC23BF2D93 /* SettingsView.swift in Sources */,
				CF969F92E32DF757680F45C0 /* SignpostLogger.swift in Sources */,
				2B218169DC7025E31896F3D6 /* SpeechToTextEngine.swift in Sources */,
				8BEF32F05F6C866340364DF3 /* SystemAudioCaptureService.swift in Sources */,
				D1C2741A78F7C9E9DD08134C /* TranscriptAssembler.swift in Sources */,
				B40909CA7E9FA2E9BF0BA322 /* TranscriptSegment.swift in Sources */,
				75243088C78FB3B74FD371C3 /* TranscriptStore.swift in Sources */,
				40DA389429F3F588A9532EAB /* TranscriptView.swift in Sources */,
				274F01D7F3C52173C38B49B2 /* VisionEngine.swift in Sources */,
				5B4F9A5D064027EDF0D45820 /* VisionTriggerPolicy.swift in Sources */,
				B6C76F89B4F97A0E819835CC /* VisualEffectView.swift in Sources */,
				9D24270766FED77356BC02C6 /* VoiceActivityDetector.swift in Sources */,
				6F734A48671485176AFD6DD2 /* WhisperConfiguration.swift in Sources */,
				1BC40ED5B5D19DC0C3E9B305 /* WhisperEngine.swift in Sources */,
				62497DE9A2FF8D396D515BAA /* WhisperWrapper.mm in Sources */,
				CF582AD4B5EBE1DF049C573B /* butlerApp.swift in Sources */,
			);
			runOnlyForDeploymentPostprocessing = 0;
		};
/* End PBXSourcesBuildPhase section */

/* Begin PBXTargetDependency section */
		584B18CA4A1E62125D1E5772 /* PBXTargetDependency */ = {
			isa = PBXTargetDependency;
			target = 6BC7FF35149F1FB5BA1E85B4 /* butler */;
			targetProxy = 5C4DE7A5DB475B3700436C68 /* PBXContainerItemProxy */;
		};
/* End PBXTargetDependency section */

/* Begin XCBuildConfiguration section */
		0153C25806914ECC55157715 /* Debug */ = {
			isa = XCBuildConfiguration;
			buildSettings = {
				ASSETCATALOG_COMPILER_APPICON_NAME = AppIcon;
				CODE_SIGN_ENTITLEMENTS = butler/Resources/butler.entitlements;
				CODE_SIGN_IDENTITY = "-";
				COMBINE_HIDPI_IMAGES = YES;
				DEVELOPMENT_TEAM = "";
				ENABLE_USER_SCRIPT_SANDBOXING = NO;
				HEADER_SEARCH_PATHS = (
					"$(SRCROOT)/Vendor/whisper.cpp/include",
					"$(SRCROOT)/Vendor/llama.cpp/include",
					"$(SRCROOT)/Vendor/llama.cpp/ggml/include",
				);
				INFOPLIST_FILE = butler/Resources/Info.plist;
				LD_RUNPATH_SEARCH_PATHS = (
					"$(inherited)",
					"@executable_path/../Frameworks",
				);
				LIBRARY_SEARCH_PATHS = (
					"$(SRCROOT)/Vendor/whisper.cpp/build/src",
					"$(SRCROOT)/Vendor/llama.cpp/build/src",
					"$(SRCROOT)/Vendor/llama.cpp/build/ggml/src",
					"$(SRCROOT)/Vendor/llama.cpp/build/ggml/src/ggml-metal",
					"$(SRCROOT)/Vendor/llama.cpp/build/ggml/src/ggml-blas",
				);
				MACOSX_DEPLOYMENT_TARGET = 14.0;
				OTHER_LDFLAGS = (
					"-lwhisper",
					"-lllama",
					"-lggml",
					"-lggml-base",
					"-lggml-cpu",
					"-lggml-metal",
					"-lggml-blas",
					"-framework Accelerate",
					"-framework Foundation",
					"-framework Metal",
					"-framework MetalKit",
				);
				PRODUCT_BUNDLE_IDENTIFIER = com.example.butler;
				SDKROOT = macosx;
				SWIFT_OBJC_BRIDGING_HEADER = butler/Speech/WhisperBridge/BridgingHeader.h;
			};
			name = Debug;
		};
		573547BE9164CE34B24B504D /* Release */ = {
			isa = XCBuildConfiguration;
			buildSettings = {
				ASSETCATALOG_COMPILER_APPICON_NAME = AppIcon;
				CODE_SIGN_ENTITLEMENTS = butler/Resources/butler.entitlements;
				CODE_SIGN_IDENTITY = "-";
				COMBINE_HIDPI_IMAGES = YES;
				DEVELOPMENT_TEAM = "";
				ENABLE_USER_SCRIPT_SANDBOXING = NO;
				HEADER_SEARCH_PATHS = (
					"$(SRCROOT)/Vendor/whisper.cpp/include",
					"$(SRCROOT)/Vendor/llama.cpp/include",
					"$(SRCROOT)/Vendor/llama.cpp/ggml/include",
				);
				INFOPLIST_FILE = butler/Resources/Info.plist;
				LD_RUNPATH_SEARCH_PATHS = (
					"$(inherited)",
					"@executable_path/../Frameworks",
				);
				LIBRARY_SEARCH_PATHS = (
					"$(SRCROOT)/Vendor/whisper.cpp/build/src",
					"$(SRCROOT)/Vendor/llama.cpp/build/src",
					"$(SRCROOT)/Vendor/llama.cpp/build/ggml/src",
					"$(SRCROOT)/Vendor/llama.cpp/build/ggml/src/ggml-metal",
					"$(SRCROOT)/Vendor/llama.cpp/build/ggml/src/ggml-blas",
				);
				MACOSX_DEPLOYMENT_TARGET = 14.0;
				OTHER_LDFLAGS = (
					"-lwhisper",
					"-lllama",
					"-lggml",
					"-lggml-base",
					"-lggml-cpu",
					"-lggml-metal",
					"-lggml-blas",
					"-framework Accelerate",
					"-framework Foundation",
					"-framework Metal",
					"-framework MetalKit",
				);
				PRODUCT_BUNDLE_IDENTIFIER = com.example.butler;
				SDKROOT = macosx;
				SWIFT_OBJC_BRIDGING_HEADER = butler/Speech/WhisperBridge/BridgingHeader.h;
			};
			name = Release;
		};
		6CDC26F42EA3B0C238413002 /* Debug */ = {
			isa = XCBuildConfiguration;
			buildSettings = {
				BUNDLE_LOADER = "$(TEST_HOST)";
				COMBINE_HIDPI_IMAGES = YES;
				GENERATE_INFOPLIST_FILE = YES;
				LD_RUNPATH_SEARCH_PATHS = (
					"$(inherited)",
					"@executable_path/../Frameworks",
					"@loader_path/../Frameworks",
				);
				MACOSX_DEPLOYMENT_TARGET = 14.0;
				PRODUCT_BUNDLE_IDENTIFIER = com.example.butlerTests;
				SDKROOT = macosx;
				TEST_HOST = "$(BUILT_PRODUCTS_DIR)/butler.app/Contents/MacOS/butler";
			};
			name = Debug;
		};
		83D4F24B3DE0C3F1C056E69A /* Release */ = {
			isa = XCBuildConfiguration;
			buildSettings = {
				ALWAYS_SEARCH_USER_PATHS = NO;
				CLANG_ANALYZER_NONNULL = YES;
				CLANG_ANALYZER_NUMBER_OBJECT_CONVERSION = YES_AGGRESSIVE;
				CLANG_CXX_LANGUAGE_STANDARD = "gnu++14";
				CLANG_CXX_LIBRARY = "libc++";
				CLANG_ENABLE_MODULES = YES;
				CLANG_ENABLE_OBJC_ARC = YES;
				CLANG_ENABLE_OBJC_WEAK = YES;
				CLANG_WARN_BLOCK_CAPTURE_AUTORELEASING = YES;
				CLANG_WARN_BOOL_CONVERSION = YES;
				CLANG_WARN_COMMA = YES;
				CLANG_WARN_CONSTANT_CONVERSION = YES;
				CLANG_WARN_DEPRECATED_OBJC_IMPLEMENTATIONS = YES;
				CLANG_WARN_DIRECT_OBJC_ISA_USAGE = YES_ERROR;
				CLANG_WARN_DOCUMENTATION_COMMENTS = YES;
				CLANG_WARN_EMPTY_BODY = YES;
				CLANG_WARN_ENUM_CONVERSION = YES;
				CLANG_WARN_INFINITE_RECURSION = YES;
				CLANG_WARN_INT_CONVERSION = YES;
				CLANG_WARN_NON_LITERAL_NULL_CONVERSION = YES;
				CLANG_WARN_OBJC_IMPLICIT_RETAIN_SELF = YES;
				CLANG_WARN_OBJC_LITERAL_CONVERSION = YES;
				CLANG_WARN_OBJC_ROOT_CLASS = YES_ERROR;
				CLANG_WARN_QUOTED_INCLUDE_IN_FRAMEWORK_HEADER = YES;
				CLANG_WARN_RANGE_LOOP_ANALYSIS = YES;
				CLANG_WARN_STRICT_PROTOTYPES = YES;
				CLANG_WARN_SUSPICIOUS_MOVE = YES;
				CLANG_WARN_UNGUARDED_AVAILABILITY = YES_AGGRESSIVE;
				CLANG_WARN_UNREACHABLE_CODE = YES;
				CLANG_WARN__DUPLICATE_METHOD_MATCH = YES;
				COPY_PHASE_STRIP = NO;
				DEBUG_INFORMATION_FORMAT = "dwarf-with-dsym";
				ENABLE_NS_ASSERTIONS = NO;
				ENABLE_STRICT_OBJC_MSGSEND = YES;
				GCC_C_LANGUAGE_STANDARD = gnu11;
				GCC_NO_COMMON_BLOCKS = YES;
				GCC_WARN_64_TO_32_BIT_CONVERSION = YES;
				GCC_WARN_ABOUT_RETURN_TYPE = YES_ERROR;
				GCC_WARN_UNDECLARED_SELECTOR = YES;
				GCC_WARN_UNINITIALIZED_AUTOS = YES_AGGRESSIVE;
				GCC_WARN_UNUSED_FUNCTION = YES;
				GCC_WARN_UNUSED_VARIABLE = YES;
				MTL_ENABLE_DEBUG_INFO = NO;
				MTL_FAST_MATH = YES;
				PRODUCT_NAME = "$(TARGET_NAME)";
				SDKROOT = macosx;
				SWIFT_COMPILATION_MODE = wholemodule;
				SWIFT_OPTIMIZATION_LEVEL = "-O";
				SWIFT_VERSION = 5.0;
			};
			name = Release;
		};
		FA5B20C2BDAC1A60BEF1A288 /* Release */ = {
			isa = XCBuildConfiguration;
			buildSettings = {
				BUNDLE_LOADER = "$(TEST_HOST)";
				COMBINE_HIDPI_IMAGES = YES;
				GENERATE_INFOPLIST_FILE = YES;
				LD_RUNPATH_SEARCH_PATHS = (
					"$(inherited)",
					"@executable_path/../Frameworks",
					"@loader_path/../Frameworks",
				);
				MACOSX_DEPLOYMENT_TARGET = 14.0;
				PRODUCT_BUNDLE_IDENTIFIER = com.example.butlerTests;
				SDKROOT = macosx;
				TEST_HOST = "$(BUILT_PRODUCTS_DIR)/butler.app/Contents/MacOS/butler";
			};
			name = Release;
		};
		FF0651F4197328E41E62C8AB /* Debug */ = {
			isa = XCBuildConfiguration;
			buildSettings = {
				ALWAYS_SEARCH_USER_PATHS = NO;
				CLANG_ANALYZER_NONNULL = YES;
				CLANG_ANALYZER_NUMBER_OBJECT_CONVERSION = YES_AGGRESSIVE;
				CLANG_CXX_LANGUAGE_STANDARD = "gnu++14";
				CLANG_CXX_LIBRARY = "libc++";
				CLANG_ENABLE_MODULES = YES;
				CLANG_ENABLE_OBJC_ARC = YES;
				CLANG_ENABLE_OBJC_WEAK = YES;
				CLANG_WARN_BLOCK_CAPTURE_AUTORELEASING = YES;
				CLANG_WARN_BOOL_CONVERSION = YES;
				CLANG_WARN_COMMA = YES;
				CLANG_WARN_CONSTANT_CONVERSION = YES;
				CLANG_WARN_DEPRECATED_OBJC_IMPLEMENTATIONS = YES;
				CLANG_WARN_DIRECT_OBJC_ISA_USAGE = YES_ERROR;
				CLANG_WARN_DOCUMENTATION_COMMENTS = YES;
				CLANG_WARN_EMPTY_BODY = YES;
				CLANG_WARN_ENUM_CONVERSION = YES;
				CLANG_WARN_INFINITE_RECURSION = YES;
				CLANG_WARN_INT_CONVERSION = YES;
				CLANG_WARN_NON_LITERAL_NULL_CONVERSION = YES;
				CLANG_WARN_OBJC_IMPLICIT_RETAIN_SELF = YES;
				CLANG_WARN_OBJC_LITERAL_CONVERSION = YES;
				CLANG_WARN_OBJC_ROOT_CLASS = YES_ERROR;
				CLANG_WARN_QUOTED_INCLUDE_IN_FRAMEWORK_HEADER = YES;
				CLANG_WARN_RANGE_LOOP_ANALYSIS = YES;
				CLANG_WARN_STRICT_PROTOTYPES = YES;
				CLANG_WARN_SUSPICIOUS_MOVE = YES;
				CLANG_WARN_UNGUARDED_AVAILABILITY = YES_AGGRESSIVE;
				CLANG_WARN_UNREACHABLE_CODE = YES;
				CLANG_WARN__DUPLICATE_METHOD_MATCH = YES;
				COPY_PHASE_STRIP = NO;
				DEBUG_INFORMATION_FORMAT = dwarf;
				ENABLE_STRICT_OBJC_MSGSEND = YES;
				ENABLE_TESTABILITY = YES;
				GCC_C_LANGUAGE_STANDARD = gnu11;
				GCC_DYNAMIC_NO_PIC = NO;
				GCC_NO_COMMON_BLOCKS = YES;
				GCC_OPTIMIZATION_LEVEL = 0;
				GCC_PREPROCESSOR_DEFINITIONS = (
					"$(inherited)",
					"DEBUG=1",
				);
				GCC_WARN_64_TO_32_BIT_CONVERSION = YES;
				GCC_WARN_ABOUT_RETURN_TYPE = YES_ERROR;
				GCC_WARN_UNDECLARED_SELECTOR = YES;
				GCC_WARN_UNINITIALIZED_AUTOS = YES_AGGRESSIVE;
				GCC_WARN_UNUSED_FUNCTION = YES;
				GCC_WARN_UNUSED_VARIABLE = YES;
				MTL_ENABLE_DEBUG_INFO = INCLUDE_SOURCE;
				MTL_FAST_MATH = YES;
				ONLY_ACTIVE_ARCH = YES;
				PRODUCT_NAME = "$(TARGET_NAME)";
				SDKROOT = macosx;
				SWIFT_ACTIVE_COMPILATION_CONDITIONS = DEBUG;
				SWIFT_OPTIMIZATION_LEVEL = "-Onone";
				SWIFT_VERSION = 5.0;
			};
			name = Debug;
		};
/* End XCBuildConfiguration section */

/* Begin XCConfigurationList section */
		549682FEF920652D5CF07B90 /* Build configuration list for PBXNativeTarget "butler" */ = {
			isa = XCConfigurationList;
			buildConfigurations = (
				0153C25806914ECC55157715 /* Debug */,
				573547BE9164CE34B24B504D /* Release */,
			);
			defaultConfigurationIsVisible = 0;
			defaultConfigurationName = Debug;
		};
		6E34B43C0DA1CF51A8DF3C22 /* Build configuration list for PBXNativeTarget "butlerTests" */ = {
			isa = XCConfigurationList;
			buildConfigurations = (
				6CDC26F42EA3B0C238413002 /* Debug */,
				FA5B20C2BDAC1A60BEF1A288 /* Release */,
			);
			defaultConfigurationIsVisible = 0;
			defaultConfigurationName = Debug;
		};
		79391AB3C29B23E3A5861901 /* Build configuration list for PBXProject "butler" */ = {
			isa = XCConfigurationList;
			buildConfigurations = (
				FF0651F4197328E41E62C8AB /* Debug */,
				83D4F24B3DE0C3F1C056E69A /* Release */,
			);
			defaultConfigurationIsVisible = 0;
			defaultConfigurationName = Debug;
		};
/* End XCConfigurationList section */

/* Begin XCRemoteSwiftPackageReference section */
		28F6E2EF2063A66FB979FA70 /* XCRemoteSwiftPackageReference "HotKey" */ = {
			isa = XCRemoteSwiftPackageReference;
			repositoryURL = "https://github.com/soffes/HotKey";
			requirement = {
				kind = exactVersion;
				version = 0.1.3;
			};
		};
/* End XCRemoteSwiftPackageReference section */

/* Begin XCSwiftPackageProductDependency section */
		31A9C27C166175D8DC38DC54 /* HotKey */ = {
			isa = XCSwiftPackageProductDependency;
			package = 28F6E2EF2063A66FB979FA70 /* XCRemoteSwiftPackageReference "HotKey" */;
			productName = HotKey;
		};
/* End XCSwiftPackageProductDependency section */
	};
	rootObject = 57B91EEB24DEE9266DE81B2A /* Project object */;
}
